
Microsoft Visual Studio Solution File, Format Version 12.00
# Visual Studio Version 17
VisualStudioVersion = 17.0.31903.59
MinimumVisualStudioVersion = 10.0.40219.1
Project("{2150E333-8FDC-42A3-9474-1A3956D46DE8}") = "src", "src", "{827E0CD3-B72D-47B6-A68D-7590B98EB39B}"
EndProject
Project("{FAE04EC0-301F-11D3-BF4B-00C04F79EFBC}") = "RetailShop.Api", "src\RetailShop.Api\RetailShop.Api.csproj", "{319FF066-3527-4BFF-A894-EA26484A6766}"
EndProject
Project("{FAE04EC0-301F-11D3-BF4B-00C04F79EFBC}") = "RetailShop.Application", "src\RetailShop.Application\RetailShop.Application.csproj", "{8CECB47A-71E6-46E7-9428-908CC914E8D1}"
EndProject
Project("{FAE04EC0-301F-11D3-BF4B-00C04F79EFBC}") = "RetailShop.Domain", "src\RetailShop.Domain\RetailShop.Domain.csproj", "{960880E3-E0A5-4179-97A7-3AB11DCB9E6F}"
EndProject
Project("{FAE04EC0-301F-11D3-BF4B-00C04F79EFBC}") = "RetailShop.Infrastructure", "src\RetailShop.Infrastructure\RetailShop.Infrastructure.csproj", "{2CE6D635-8983-429D-AFB2-89E37D8C3F37}"
EndProject
Project("{FAE04EC0-301F-11D3-BF4B-00C04F79EFBC}") = "RetailShop.Reporting", "src\RetailShop.Reporting\RetailShop.Reporting.csproj", "{4D4DF5FF-BFEB-4390-A752-28F2B5082C2B}"
EndProject
Project("{FAE04EC0-301F-11D3-BF4B-00C04F79EFBC}") = "RetailShop.Shared", "src\RetailShop.Shared\RetailShop.Shared.csproj", "{E69CAB77-2BC1-4FA0-86E5-7E484B3B822A}"
EndProject
Project("{2150E333-8FDC-42A3-9474-1A3956D46DE8}") = "tests", "tests", "{0AB3BF05-4346-4AA6-1389-037BE0695223}"
EndProject
Project("{FAE04EC0-301F-11D3-BF4B-00C04F79EFBC}") = "RetailShop.Tests", "tests\RetailShop.Tests\RetailShop.Tests.csproj", "{78EF94FC-DB03-49D0-AC6A-DD4FB10F6B07}"
EndProject
Global
	GlobalSection(SolutionConfigurationPlatforms) = preSolution
		Debug|Any CPU = Debug|Any CPU
		Debug|x64 = Debug|x64
		Debug|x86 = Debug|x86
		Release|Any CPU = Release|Any CPU
		Release|x64 = Release|x64
		Release|x86 = Release|x86
	EndGlobalSection
	GlobalSection(ProjectConfigurationPlatforms) = postSolution
		{319FF066-3527-4BFF-A894-EA26484A6766}.Debug|Any CPU.ActiveCfg = Debug|Any CPU
		{319FF066-3527-4BFF-A894-EA26484A6766}.Debug|Any CPU.Build.0 = Debug|Any CPU
		{319FF066-3527-4BFF-A894-EA26484A6766}.Debug|x64.ActiveCfg = Debug|Any CPU
		{319FF066-3527-4BFF-A894-EA26484A6766}.Debug|x64.Build.0 = Debug|Any CPU
		{319FF066-3527-4BFF-A894-EA26484A6766}.Debug|x86.ActiveCfg = Debug|Any CPU
		{319FF066-3527-4BFF-A894-EA26484A6766}.Debug|x86.Build.0 = Debug|Any CPU
		{319FF066-3527-4BFF-A894-EA26484A6766}.Release|Any CPU.ActiveCfg = Release|Any CPU
		{319FF066-3527-4BFF-A894-EA26484A6766}.Release|Any CPU.Build.0 = Release|Any CPU
		{319FF066-3527-4BFF-A894-EA26484A6766}.Release|x64.ActiveCfg = Release|Any CPU
		{319FF066-3527-4BFF-A894-EA26484A6766}.Release|x64.Build.0 = Release|Any CPU
		{319FF066-3527-4BFF-A894-EA26484A6766}.Release|x86.ActiveCfg = Release|Any CPU
		{319FF066-3527-4BFF-A894-EA26484A6766}.Release|x86.Build.0 = Release|Any CPU
		{8CECB47A-71E6-46E7-9428-908CC914E8D1}.Debug|Any CPU.ActiveCfg = Debug|Any CPU
		{8CECB47A-71E6-46E7-9428-908CC914E8D1}.Debug|Any CPU.Build.0 = Debug|Any CPU
		{8CECB47A-71E6-46E7-9428-908CC914E8D1}.Debug|x64.ActiveCfg = Debug|Any CPU
		{8CECB47A-71E6-46E7-9428-908CC914E8D1}.Debug|x64.Build.0 = Debug|Any CPU
		{8CECB47A-71E6-46E7-9428-908CC914E8D1}.Debug|x86.ActiveCfg = Debug|Any CPU
		{8CECB47A-71E6-46E7-9428-908CC914E8D1}.Debug|x86.Build.0 = Debug|Any CPU
		{8CECB47A-71E6-46E7-9428-908CC914E8D1}.Release|Any CPU.ActiveCfg = Release|Any CPU
		{8CECB47A-71E6-46E7-9428-908CC914E8D1}.Release|Any CPU.Build.0 = Release|Any CPU
		{8CECB47A-71E6-46E7-9428-908CC914E8D1}.Release|x64.ActiveCfg = Release|Any CPU
		{8CECB47A-71E6-46E7-9428-908CC914E8D1}.Release|x64.Build.0 = Release|Any CPU
		{8CECB47A-71E6-46E7-9428-908CC914E8D1}.Release|x86.ActiveCfg = Release|Any CPU
		{8CECB47A-71E6-46E7-9428-908CC914E8D1}.Release|x86.Build.0 = Release|Any CPU
		{960880E3-E0A5-4179-97A7-3AB11DCB9E6F}.Debug|Any CPU.ActiveCfg = Debug|Any CPU
		{960880E3-E0A5-4179-97A7-3AB11DCB9E6F}.Debug|Any CPU.Build.0 = Debug|Any CPU
		{960880E3-E0A5-4179-97A7-3AB11DCB9E6F}.Debug|x64.ActiveCfg = Debug|Any CPU
		{960880E3-E0A5-4179-97A7-3AB11DCB9E6F}.Debug|x64.Build.0 = Debug|Any CPU
		{960880E3-E0A5-4179-97A7-3AB11DCB9E6F}.Debug|x86.ActiveCfg = Debug|Any CPU
		{960880E3-E0A5-4179-97A7-3AB11DCB9E6F}.Debug|x86.Build.0 = Debug|Any CPU
		{960880E3-E0A5-4179-97A7-3AB11DCB9E6F}.Release|Any CPU.ActiveCfg = Release|Any CPU
		{960880E3-E0A5-4179-97A7-3AB11DCB9E6F}.Release|Any CPU.Build.0 = Release|Any CPU
		{960880E3-E0A5-4179-97A7-3AB11DCB9E6F}.Release|x64.ActiveCfg = Release|Any CPU
		{960880E3-E0A5-4179-97A7-3AB11DCB9E6F}.Release|x64.Build.0 = Release|Any CPU
		{960880E3-E0A5-4179-97A7-3AB11DCB9E6F}.Release|x86.ActiveCfg = Release|Any CPU
		{960880E3-E0A5-4179-97A7-3AB11DCB9E6F}.Release|x86.Build.0 = Release|Any CPU
		{2CE6D635-8983-429D-AFB2-89E37D8C3F37}.Debug|Any CPU.ActiveCfg = Debug|Any CPU
		{2CE6D635-8983-429D-AFB2-89E37D8C3F37}.Debug|Any CPU.Build.0 = Debug|Any CPU
		{2CE6D635-8983-429D-AFB2-89E37D8C3F37}.Debug|x64.ActiveCfg = Debug|Any CPU
		{2CE6D635-8983-429D-AFB2-89E37D8C3F37}.Debug|x64.Build.0 = Debug|Any CPU
		{2CE6D635-8983-429D-AFB2-89E37D8C3F37}.Debug|x86.ActiveCfg = Debug|Any CPU
		{2CE6D635-8983-429D-AFB2-89E37D8C3F37}.Debug|x86.Build.0 = Debug|Any CPU
		{2CE6D635-8983-429D-AFB2-89E37D8C3F37}.Release|Any CPU.ActiveCfg = Release|Any CPU
		{2CE6D635-8983-429D-AFB2-89E37D8C3F37}.Release|Any CPU.Build.0 = Release|Any CPU
		{2CE6D635-8983-429D-AFB2-89E37D8C3F37}.Release|x64.ActiveCfg = Release|Any CPU
		{2CE6D635-8983-429D-AFB2-89E37D8C3F37}.Release|x64.Build.0 = Release|Any CPU
		{2CE6D635-8983-429D-AFB2-89E37D8C3F37}.Release|x86.ActiveCfg = Release|Any CPU
		{2CE6D635-8983-429D-AFB2-89E37D8C3F37}.Release|x86.Build.0 = Release|Any CPU
		{4D4DF5FF-BFEB-4390-A752-28F2B5082C2B}.Debug|Any CPU.ActiveCfg = Debug|Any CPU
		{4D4DF5FF-BFEB-4390-A752-28F2B5082C2B}.Debug|Any CPU.Build.0 = Debug|Any CPU
		{4D4DF5FF-BFEB-4390-A752-28F2B5082C2B}.Debug|x64.ActiveCfg = Debug|Any CPU
		{4D4DF5FF-BFEB-4390-A752-28F2B5082C2B}.Debug|x64.Build.0 = Debug|Any CPU
		{4D4DF5FF-BFEB-4390-A752-28F2B5082C2B}.Debug|x86.ActiveCfg = Debug|Any CPU
		{4D4DF5FF-BFEB-4390-A752-28F2B5082C2B}.Debug|x86.Build.0 = Debug|Any CPU
		{4D4DF5FF-BFEB-4390-A752-28F2B5082C2B}.Release|Any CPU.ActiveCfg = Release|Any CPU
		{4D4DF5FF-BFEB-4390-A752-28F2B5082C2B}.Release|Any CPU.Build.0 = Release|Any CPU
		{4D4DF5FF-BFEB-4390-A752-28F2B5082C2B}.Release|x64.ActiveCfg = Release|Any CPU
		{4D4DF5FF-BFEB-4390-A752-28F2B5082C2B}.Release|x64.Build.0 = Release|Any CPU
		{4D4DF5FF-BFEB-4390-A752-28F2B5082C2B}.Release|x86.ActiveCfg = Release|Any CPU
		{4D4DF5FF-BFEB-4390-A752-28F2B5082C2B}.Release|x86.Build.0 = Release|Any CPU
		{E69CAB77-2BC1-4FA0-86E5-7E484B3B822A}.Debug|Any CPU.ActiveCfg = Debug|Any CPU
		{E69CAB77-2BC1-4FA0-86E5-7E484B3B822A}.Debug|Any CPU.Build.0 = Debug|Any CPU
		{E69CAB77-2BC1-4FA0-86E5-7E484B3B822A}.Debug|x64.ActiveCfg = Debug|Any CPU
		{E69CAB77-2BC1-4FA0-86E5-7E484B3B822A}.Debug|x64.Build.0 = Debug|Any CPU
		{E69CAB77-2BC1-4FA0-86E5-7E484B3B822A}.Debug|x86.ActiveCfg = Debug|Any CPU
		{E69CAB77-2BC1-4FA0-86E5-7E484B3B822A}.Debug|x86.Build.0 = Debug|Any CPU
		{E69CAB77-2BC1-4FA0-86E5-7E484B3B822A}.Release|Any CPU.ActiveCfg = Release|Any CPU
		{E69CAB77-2BC1-4FA0-86E5-7E484B3B822A}.Release|Any CPU.Build.0 = Release|Any CPU
		{E69CAB77-2BC1-4FA0-86E5-7E484B3B822A}.Release|x64.ActiveCfg = Release|Any CPU
		{E69CAB77-2BC1-4FA0-86E5-7E484B3B822A}.Release|x64.Build.0 = Release|Any CPU
		{E69CAB77-2BC1-4FA0-86E5-7E484B3B822A}.Release|x86.ActiveCfg = Release|Any CPU
		{E69CAB77-2BC1-4FA0-86E5-7E484B3B822A}.Release|x86.Build.0 = Release|Any CPU
		{78EF94FC-DB03-49D0-AC6A-DD4FB10F6B07}.Debug|Any CPU.ActiveCfg = Debug|Any CPU
		{78EF94FC-DB03-49D0-AC6A-DD4FB10F6B07}.Debug|Any CPU.Build.0 = Debug|Any CPU
		{78EF94FC-DB03-49D0-AC6A-DD4FB10F6B07}.Debug|x64.ActiveCfg = Debug|Any CPU
		{78EF94FC-DB03-49D0-AC6A-DD4FB10F6B07}.Debug|x64.Build.0 = Debug|Any CPU
		{78EF94FC-DB03-49D0-AC6A-DD4FB10F6B07}.Debug|x86.ActiveCfg = Debug|Any CPU
		{78EF94FC-DB03-49D0-AC6A-DD4FB10F6B07}.Debug|x86.Build.0 = Debug|Any CPU
		{78EF94FC-DB03-49D0-AC6A-DD4FB10F6B07}.Release|Any CPU.ActiveCfg = Release|Any CPU
		{78EF94FC-DB03-49D0-AC6A-DD4FB10F6B07}.Release|Any CPU.Build.0 = Release|Any CPU
		{78EF94FC-DB03-49D0-AC6A-DD4FB10F6B07}.Release|x64.ActiveCfg = Release|Any CPU
		{78EF94FC-DB03-49D0-AC6A-DD4FB10F6B07}.Release|x64.Build.0 = Release|Any CPU
		{78EF94FC-DB03-49D0-AC6A-DD4FB10F6B07}.Release|x86.ActiveCfg = Release|Any CPU
		{78EF94FC-DB03-49D0-AC6A-DD4FB10F6B07}.Release|x86.Build.0 = Release|Any CPU
	EndGlobalSection
	GlobalSection(SolutionProperties) = preSolution
		HideSolutionNode = FALSE
	EndGlobalSection
	GlobalSection(NestedProjects) = preSolution
		{319FF066-3527-4BFF-A894-EA26484A6766} = {827E0CD3-B72D-47B6-A68D-7590B98EB39B}
		{8CECB47A-71E6-46E7-9428-908CC914E8D1} = {827E0CD3-B72D-47B6-A68D-7590B98EB39B}
		{960880E3-E0A5-4179-97A7-3AB11DCB9E6F} = {827E0CD3-B72D-47B6-A68D-7590B98EB39B}
		{2CE6D635-8983-429D-AFB2-89E37D8C3F37} = {827E0CD3-B72D-47B6-A68D-7590B98EB39B}
		{4D4DF5FF-BFEB-4390-A752-28F2B5082C2B} = {827E0CD3-B72D-47B6-A68D-7590B98EB39B}
		{E69CAB77-2BC1-4FA0-86E5-7E484B3B822A} = {827E0CD3-B72D-47B6-A68D-7590B98EB39B}
		{78EF94FC-DB03-49D0-AC6A-DD4FB10F6B07} = {0AB3BF05-4346-4AA6-1389-037BE0695223}
	EndGlobalSection
EndGlobal
